
Microsoft Visual Studio Solution File, Format Version 12.00
# Visual Studio Version 17
VisualStudioVersion = 17.1.32210.238
MinimumVisualStudioVersion = 10.0.40219.1
Project("{9A19103F-16F7-4668-BE54-9A1E7A4F7556}") = "WinVim.BL", "WinWin.BL\WinVim.BL.csproj", "{C578E9CF-3557-46A6-962A-523516106D58}"
EndProject
Project("{9A19103F-16F7-4668-BE54-9A1E7A4F7556}") = "WinVim", "WinVim\WinVim.csproj", "{01BECB43-74BE-4E99-908F-F4451001C2A0}"
EndProject
Project("{FAE04EC0-301F-11D3-BF4B-00C04F79EFBC}") = "WinVim.UI", "WinVim.UI\WinVim.UI.csproj", "{EB5300CD-697B-4B53-B49F-BCFEFA7A7EB8}"
EndProject
Global
	GlobalSection(SolutionConfigurationPlatforms) = preSolution
		Debug|Any CPU = Debug|Any CPU
		Release|Any CPU = Release|Any CPU
	EndGlobalSection
	GlobalSection(ProjectConfigurationPlatforms) = postSolution
		{C578E9CF-3557-46A6-962A-523516106D58}.Debug|Any CPU.ActiveCfg = Debug|Any CPU
		{C578E9CF-3557-46A6-962A-523516106D58}.Debug|Any CPU.Build.0 = Debug|Any CPU
		{C578E9CF-3557-46A6-962A-523516106D58}.Release|Any CPU.ActiveCfg = Release|Any CPU
		{C578E9CF-3557-46A6-962A-523516106D58}.Release|Any CPU.Build.0 = Release|Any CPU
		{01BECB43-74BE-4E99-908F-F4451001C2A0}.Debug|Any CPU.ActiveCfg = Debug|Any CPU
		{01BECB43-74BE-4E99-908F-F4451001C2A0}.Debug|Any CPU.Build.0 = Debug|Any CPU
		{01BECB43-74BE-4E99-908F-F4451001C2A0}.Release|Any CPU.ActiveCfg = Release|Any CPU
		{01BECB43-74BE-4E99-908F-F4451001C2A0}.Release|Any CPU.Build.0 = Release|Any CPU
		{EB5300CD-697B-4B53-B49F-BCFEFA7A7EB8}.Debug|Any CPU.ActiveCfg = Debug|Any CPU
		{EB5300CD-697B-4B53-B49F-BCFEFA7A7EB8}.Debug|Any CPU.Build.0 = Debug|Any CPU
		{EB5300CD-697B-4B53-B49F-BCFEFA7A7EB8}.Release|Any CPU.ActiveCfg = Release|Any CPU
		{EB5300CD-697B-4B53-B49F-BCFEFA7A7EB8}.Release|Any CPU.Build.0 = Release|Any CPU
	EndGlobalSection
	GlobalSection(SolutionProperties) = preSolution
		HideSolutionNode = FALSE
	EndGlobalSection
	GlobalSection(ExtensibilityGlobals) = postSolution
		SolutionGuid = {71759211-06B7-47D0-9C81-4CE125BA7BE3}
	EndGlobalSection
EndGlobal
